
Microsoft Visual Studio Solution File, Format Version 11.00
# Visual Studio 2010
Project("{FAE04EC0-301F-11D3-BF4B-00C04F79EFBC}") = "Revanche", "Revanche\Revanche.csproj", "{DA4B1A45-9AF0-4196-9272-FCEED028729A}"
EndProject
Global
	GlobalSection(SolutionConfigurationPlatforms) = preSolution
		Debug|x86 = Debug|x86
		Release|x86 = Release|x86
	EndGlobalSection
	GlobalSection(ProjectConfigurationPlatforms) = postSolution
		{DA4B1A45-9AF0-4196-9272-FCEED028729A}.Debug|x86.ActiveCfg = Debug|x86
		{DA4B1A45-9AF0-4196-9272-FCEED028729A}.Debug|x86.Build.0 = Debug|x86
		{DA4B1A45-9AF0-4196-9272-FCEED028729A}.Release|x86.ActiveCfg = Release|x86
		{DA4B1A45-9AF0-4196-9272-FCEED028729A}.Release|x86.Build.0 = Release|x86
	EndGlobalSection
	GlobalSection(MonoDevelopProperties) = preSolution
		StartupItem = Revanche\Revanche.csproj
		Policies = $0
		$0.TextStylePolicy = $1
		$1.FileWidth = 120
		$1.TabsToSpaces = False
		$1.inheritsSet = VisualStudio
		$1.inheritsScope = text/plain
		$1.scope = text/plain
		$0.TextStylePolicy = $2
		$2.FileWidth = 120
		$2.TabsToSpaces = False
		$2.EolMarker = Unix
		$2.inheritsSet = VisualStudio
		$2.inheritsScope = text/plain
		$2.scope = text/x-csharp
		$0.CSharpFormattingPolicy = $3
		$3.IndentSwitchBody = True
		$3.AnonymousMethodBraceStyle = EndOfLineWithoutSpace
		$3.PropertyBraceStyle = NextLine
		$3.PropertyGetBraceStyle = EndOfLineWithoutSpace
		$3.PropertySetBraceStyle = EndOfLineWithoutSpace
		$3.AllowPropertyGetBlockInline = False
		$3.AllowPropertySetBlockInline = False
		$3.EventBraceStyle = NextLine
		$3.EventAddBraceStyle = EndOfLineWithoutSpace
		$3.EventRemoveBraceStyle = EndOfLineWithoutSpace
		$3.AllowEventAddBlockInline = False
		$3.AllowEventRemoveBlockInline = False
		$3.StatementBraceStyle = EndOfLineWithoutSpace
		$3.ElseIfNewLinePlacement = SameLine
		$3.BeforeMethodDeclarationParentheses = False
		$3.AfterMethodDeclarationParameterComma = False
		$3.BeforeMethodCallParentheses = False
		$3.AfterMethodCallParameterComma = False
		$3.AfterFieldDeclarationComma = False
		$3.BeforeConstructorDeclarationParentheses = False
		$3.AfterConstructorDeclarationParameterComma = False
		$3.BeforeIndexerDeclarationBracket = False
		$3.AfterIndexerDeclarationParameterComma = False
		$3.BeforeDelegateDeclarationParentheses = False
		$3.NewParentheses = False
		$3.IfParentheses = False
		$3.WhileParentheses = False
		$3.ForParentheses = False
		$3.ForeachParentheses = False
		$3.CatchParentheses = False
		$3.SwitchParentheses = False
		$3.LockParentheses = False
		$3.UsingParentheses = False
		$3.AroundAssignmentParentheses = False
		$3.AroundLogicalOperatorParentheses = False
		$3.AroundEqualityOperatorParentheses = False
		$3.AroundRelationalOperatorParentheses = False
		$3.AroundBitwiseOperatorParentheses = False
		$3.AroundAdditiveOperatorParentheses = False
		$3.AroundMultiplicativeOperatorParentheses = False
		$3.AroundShiftOperatorParentheses = False
		$3.AroundNullCoalescingOperator = False
		$3.AfterNewParameterComma = False
		$3.ConditionalOperatorBeforeConditionSpace = False
		$3.ConditionalOperatorAfterConditionSpace = False
		$3.ConditionalOperatorBeforeSeparatorSpace = False
		$3.ConditionalOperatorAfterSeparatorSpace = False
		$3.SpacesBeforeBrackets = False
		$3.AfterBracketComma = False
		$3.SpacesAfterForSemicolon = False
		$3.MethodCallArgumentWrapping = WrapIfTooLong
		$3.NewLineAferMethodCallOpenParentheses = NewLine
		$3.MethodCallClosingParenthesesOnNewLine = NewLine
		$3.AlignToFirstMethodCallArgument = False
		$3.MethodDeclarationParameterWrapping = DoNotWrap
		$3.NewLineAferMethodDeclarationOpenParentheses = SameLine
		$3.MethodDeclarationClosingParenthesesOnNewLine = SameLine
		$3.AlignToFirstMethodDeclarationParameter = False
		$3.IndexerDeclarationParameterWrapping = DoNotWrap
		$3.NewLineAferIndexerDeclarationOpenBracket = SameLine
		$3.IndexerDeclarationClosingBracketOnNewLine = SameLine
		$3.AlignToFirstIndexerDeclarationParameter = False
		$3.IndexerArgumentWrapping = DoNotWrap
		$3.NewLineAferIndexerOpenBracket = SameLine
		$3.IndexerClosingBracketOnNewLine = SameLine
		$3.AlignToFirstIndexerArgument = False
		$3.inheritsSet = Mono
		$3.inheritsScope = text/x-csharp
		$3.scope = text/x-csharp
	EndGlobalSection
EndGlobal
